// !$*UTF8*$!
{
	archiveVersion = 1;
	classes = {
	};
	objectVersion = 56;
	objects = {

/* Begin PBXBuildFile section */
		2A43E95D2B84E41300D94887 /* AppDelegate.swift in Sources */ = {isa = PBXBuildFile; fileRef = 2A43E95C2B84E41300D94887 /* AppDelegate.swift */; };
		2A43E95F2B84E41300D94887 /* SceneDelegate.swift in Sources */ = {isa = PBXBuildFile; fileRef = 2A43E95E2B84E41300D94887 /* SceneDelegate.swift */; };
		2A43E9612B84E41300D94887 /* ViewController.swift in Sources */ = {isa = PBXBuildFile; fileRef = 2A43E9602B84E41300D94887 /* ViewController.swift */; };
		2A43E9642B84E41300D94887 /* Main.storyboard in Resources */ = {isa = PBXBuildFile; fileRef = 2A43E9622B84E41300D94887 /* Main.storyboard */; };
		2A43E9662B84E41E00D94887 /* Assets.xcassets in Resources */ = {isa = PBXBuildFile; fileRef = 2A43E9652B84E41E00D94887 /* Assets.xcassets */; };
		2A43E9692B84E41E00D94887 /* LaunchScreen.storyboard in Resources */ = {isa = PBXBuildFile; fileRef = 2A43E9672B84E41E00D94887 /* LaunchScreen.storyboard */; };
		2A43E9742B84E41E00D94887 /* WhetherReportTests.swift in Sources */ = {isa = PBXBuildFile; fileRef = 2A43E9732B84E41E00D94887 /* WhetherReportTests.swift */; };
		2A43E97E2B84E41E00D94887 /* WhetherReportUITests.swift in Sources */ = {isa = PBXBuildFile; fileRef = 2A43E97D2B84E41E00D94887 /* WhetherReportUITests.swift */; };
		2A43E9802B84E41E00D94887 /* WhetherReportUITestsLaunchTests.swift in Sources */ = {isa = PBXBuildFile; fileRef = 2A43E97F2B84E41E00D94887 /* WhetherReportUITestsLaunchTests.swift */; };
		2A43E9962B84E98000D94887 /* WeatherDetailVC.swift in Sources */ = {isa = PBXBuildFile; fileRef = 2A43E9952B84E98000D94887 /* WeatherDetailVC.swift */; };
		2A43E99A2B84F94800D94887 /* WeatherData.swift in Sources */ = {isa = PBXBuildFile; fileRef = 2A43E9992B84F94800D94887 /* WeatherData.swift */; };
		2A43E99C2B84FA2C00D94887 /* Constant.swift in Sources */ = {isa = PBXBuildFile; fileRef = 2A43E99B2B84FA2C00D94887 /* Constant.swift */; };
		2A43E99E2B84FF3500D94887 /* APIManager.swift in Sources */ = {isa = PBXBuildFile; fileRef = 2A43E99D2B84FF3500D94887 /* APIManager.swift */; };
		2A43E9A02B850C7900D94887 /* WeatherDetaiViewModel.swift in Sources */ = {isa = PBXBuildFile; fileRef = 2A43E99F2B850C7900D94887 /* WeatherDetaiViewModel.swift */; };
		2A6B08472B871E8700FE18F8 /* WeatherForcastViewModel.swift in Sources */ = {isa = PBXBuildFile; fileRef = 2A6B08462B871E8700FE18F8 /* WeatherForcastViewModel.swift */; };
		2A6B084A2B87A64100FE18F8 /* MockAPIManager.swift in Sources */ = {isa = PBXBuildFile; fileRef = 2A6B08492B87A64100FE18F8 /* MockAPIManager.swift */; };
		2A7D54442B85EE86001DA327 /* GlobalExtension.swift in Sources */ = {isa = PBXBuildFile; fileRef = 2A7D54432B85EE86001DA327 /* GlobalExtension.swift */; };
		2A7D544D2B861B5A001DA327 /* WeatherDataList.swift in Sources */ = {isa = PBXBuildFile; fileRef = 2A7D544C2B861B5A001DA327 /* WeatherDataList.swift */; };
		2A7D544F2B8630ED001DA327 /* WeatherForecastVC.swift in Sources */ = {isa = PBXBuildFile; fileRef = 2A7D544E2B8630ED001DA327 /* WeatherForecastVC.swift */; };
/* End PBXBuildFile section */

/* Begin PBXContainerItemProxy section */
		2A43E9702B84E41E00D94887 /* PBXContainerItemProxy */ = {
			isa = PBXContainerItemProxy;
			containerPortal = 2A43E9512B84E41300D94887 /* Project object */;
			proxyType = 1;
			remoteGlobalIDString = 2A43E9582B84E41300D94887;
			remoteInfo = WhetherReport;
		};
		2A43E97A2B84E41E00D94887 /* PBXContainerItemProxy */ = {
			isa = PBXContainerItemProxy;
			containerPortal = 2A43E9512B84E41300D94887 /* Project object */;
			proxyType = 1;
			remoteGlobalIDString = 2A43E9582B84E41300D94887;
			remoteInfo = WhetherReport;
		};
/* End PBXContainerItemProxy section */

/* Begin PBXFileReference section */
		2A43E9592B84E41300D94887 /* WhetherReport.app */ = {isa = PBXFileReference; explicitFileType = wrapper.application; includeInIndex = 0; path = WhetherReport.app; sourceTree = BUILT_PRODUCTS_DIR; };
		2A43E95C2B84E41300D94887 /* AppDelegate.swift */ = {isa = PBXFileReference; lastKnownFileType = sourcecode.swift; path = AppDelegate.swift; sourceTree = "<group>"; };
		2A43E95E2B84E41300D94887 /* SceneDelegate.swift */ = {isa = PBXFileReference; lastKnownFileType = sourcecode.swift; path = SceneDelegate.swift; sourceTree = "<group>"; };
		2A43E9602B84E41300D94887 /* ViewController.swift */ = {isa = PBXFileReference; lastKnownFileType = sourcecode.swift; path = ViewController.swift; sourceTree = "<group>"; };
		2A43E9632B84E41300D94887 /* Base */ = {isa = PBXFileReference; lastKnownFileType = file.storyboard; name = Base; path = Base.lproj/Main.storyboard; sourceTree = "<group>"; };
		2A43E9652B84E41E00D94887 /* Assets.xcassets */ = {isa = PBXFileReference; lastKnownFileType = folder.assetcatalog; path = Assets.xcassets; sourceTree = "<group>"; };
		2A43E9682B84E41E00D94887 /* Base */ = {isa = PBXFileReference; lastKnownFileType = file.storyboard; name = Base; path = Base.lproj/LaunchScreen.storyboard; sourceTree = "<group>"; };
		2A43E96A2B84E41E00D94887 /* Info.plist */ = {isa = PBXFileReference; lastKnownFileType = text.plist.xml; path = Info.plist; sourceTree = "<group>"; };
		2A43E96F2B84E41E00D94887 /* WhetherReportTests.xctest */ = {isa = PBXFileReference; explicitFileType = wrapper.cfbundle; includeInIndex = 0; path = WhetherReportTests.xctest; sourceTree = BUILT_PRODUCTS_DIR; };
		2A43E9732B84E41E00D94887 /* WhetherReportTests.swift */ = {isa = PBXFileReference; lastKnownFileType = sourcecode.swift; path = WhetherReportTests.swift; sourceTree = "<group>"; };
		2A43E9792B84E41E00D94887 /* WhetherReportUITests.xctest */ = {isa = PBXFileReference; explicitFileType = wrapper.cfbundle; includeInIndex = 0; path = WhetherReportUITests.xctest; sourceTree = BUILT_PRODUCTS_DIR; };
		2A43E97D2B84E41E00D94887 /* WhetherReportUITests.swift */ = {isa = PBXFileReference; lastKnownFileType = sourcecode.swift; path = WhetherReportUITests.swift; sourceTree = "<group>"; };
		2A43E97F2B84E41E00D94887 /* WhetherReportUITestsLaunchTests.swift */ = {isa = PBXFileReference; lastKnownFileType = sourcecode.swift; path = WhetherReportUITestsLaunchTests.swift; sourceTree = "<group>"; };
		2A43E9952B84E98000D94887 /* WeatherDetailVC.swift */ = {isa = PBXFileReference; fileEncoding = 4; lastKnownFileType = sourcecode.swift; path = WeatherDetailVC.swift; sourceTree = "<group>"; };
		2A43E9992B84F94800D94887 /* WeatherData.swift */ = {isa = PBXFileReference; lastKnownFileType = sourcecode.swift; path = WeatherData.swift; sourceTree = "<group>"; };
		2A43E99B2B84FA2C00D94887 /* Constant.swift */ = {isa = PBXFileReference; lastKnownFileType = sourcecode.swift; path = Constant.swift; sourceTree = "<group>"; };
		2A43E99D2B84FF3500D94887 /* APIManager.swift */ = {isa = PBXFileReference; lastKnownFileType = sourcecode.swift; path = APIManager.swift; sourceTree = "<group>"; };
		2A43E99F2B850C7900D94887 /* WeatherDetaiViewModel.swift */ = {isa = PBXFileReference; lastKnownFileType = sourcecode.swift; path = WeatherDetaiViewModel.swift; sourceTree = "<group>"; };
		2A6B08462B871E8700FE18F8 /* WeatherForcastViewModel.swift */ = {isa = PBXFileReference; lastKnownFileType = sourcecode.swift; path = WeatherForcastViewModel.swift; sourceTree = "<group>"; };
		2A6B08492B87A64100FE18F8 /* MockAPIManager.swift */ = {isa = PBXFileReference; lastKnownFileType = sourcecode.swift; path = MockAPIManager.swift; sourceTree = "<group>"; };
		2A7D54432B85EE86001DA327 /* GlobalExtension.swift */ = {isa = PBXFileReference; lastKnownFileType = sourcecode.swift; path = GlobalExtension.swift; sourceTree = "<group>"; };
		2A7D544C2B861B5A001DA327 /* WeatherDataList.swift */ = {isa = PBXFileReference; lastKnownFileType = sourcecode.swift; path = WeatherDataList.swift; sourceTree = "<group>"; };
		2A7D544E2B8630ED001DA327 /* WeatherForecastVC.swift */ = {isa = PBXFileReference; lastKnownFileType = sourcecode.swift; path = WeatherForecastVC.swift; sourceTree = "<group>"; };
/* End PBXFileReference section */

/* Begin PBXFrameworksBuildPhase section */
		2A43E9562B84E41300D94887 /* Frameworks */ = {
			isa = PBXFrameworksBuildPhase;
			buildActionMask = 2147483647;
			files = (
			);
			runOnlyForDeploymentPostprocessing = 0;
		};
		2A43E96C2B84E41E00D94887 /* Frameworks */ = {
			isa = PBXFrameworksBuildPhase;
			buildActionMask = 2147483647;
			files = (
			);
			runOnlyForDeploymentPostprocessing = 0;
		};
		2A43E9762B84E41E00D94887 /* Frameworks */ = {
			isa = PBXFrameworksBuildPhase;
			buildActionMask = 2147483647;
			files = (
			);
			runOnlyForDeploymentPostprocessing = 0;
		};
/* End PBXFrameworksBuildPhase section */

/* Begin PBXGroup section */
		2A43E9502B84E41300D94887 = {
			isa = PBXGroup;
			children = (
				2A43E95B2B84E41300D94887 /* WhetherReport */,
				2A43E9722B84E41E00D94887 /* WhetherReportTests */,
				2A43E97C2B84E41E00D94887 /* WhetherReportUITests */,
				2A43E95A2B84E41300D94887 /* Products */,
			);
			sourceTree = "<group>";
		};
		2A43E95A2B84E41300D94887 /* Products */ = {
			isa = PBXGroup;
			children = (
				2A43E9592B84E41300D94887 /* WhetherReport.app */,
				2A43E96F2B84E41E00D94887 /* WhetherReportTests.xctest */,
				2A43E9792B84E41E00D94887 /* WhetherReportUITests.xctest */,
			);
			name = Products;
			sourceTree = "<group>";
		};
		2A43E95B2B84E41300D94887 /* WhetherReport */ = {
			isa = PBXGroup;
			children = (
				2A43E98D2B84E45600D94887 /* Application */,
				2A43E9942B84E4ED00D94887 /* Constant */,
				2A7D54422B85EE6C001DA327 /* Extension */,
				2A43E9972B84EFBB00D94887 /* Helper */,
				2A43E98E2B84E46A00D94887 /* Resources */,
				2A43E9902B84E4B900D94887 /* Screens */,
				2A43E9602B84E41300D94887 /* ViewController.swift */,
			);
			path = WhetherReport;
			sourceTree = "<group>";
		};
		2A43E9722B84E41E00D94887 /* WhetherReportTests */ = {
			isa = PBXGroup;
			children = (
				2A6B08482B87A62200FE18F8 /* Mock */,
				2A43E9732B84E41E00D94887 /* WhetherReportTests.swift */,
			);
			path = WhetherReportTests;
			sourceTree = "<group>";
		};
		2A43E97C2B84E41E00D94887 /* WhetherReportUITests */ = {
			isa = PBXGroup;
			children = (
				2A43E97D2B84E41E00D94887 /* WhetherReportUITests.swift */,
				2A43E97F2B84E41E00D94887 /* WhetherReportUITestsLaunchTests.swift */,
			);
			path = WhetherReportUITests;
			sourceTree = "<group>";
		};
		2A43E98D2B84E45600D94887 /* Application */ = {
			isa = PBXGroup;
			children = (
				2A43E95C2B84E41300D94887 /* AppDelegate.swift */,
				2A43E95E2B84E41300D94887 /* SceneDelegate.swift */,
			);
			path = Application;
			sourceTree = "<group>";
		};
		2A43E98E2B84E46A00D94887 /* Resources */ = {
			isa = PBXGroup;
			children = (
				2A43E9652B84E41E00D94887 /* Assets.xcassets */,
				2A43E96A2B84E41E00D94887 /* Info.plist */,
				2A43E98F2B84E47200D94887 /* Storyboard */,
			);
			path = Resources;
			sourceTree = "<group>";
		};
		2A43E98F2B84E47200D94887 /* Storyboard */ = {
			isa = PBXGroup;
			children = (
				2A43E9622B84E41300D94887 /* Main.storyboard */,
				2A43E9672B84E41E00D94887 /* LaunchScreen.storyboard */,
			);
			path = Storyboard;
			sourceTree = "<group>";
		};
		2A43E9902B84E4B900D94887 /* Screens */ = {
			isa = PBXGroup;
			children = (
				2A7D54452B85FD6E001DA327 /* WeatherForecast */,
				2A43E9982B84EFC500D94887 /* WeatherDetail */,
			);
			path = Screens;
			sourceTree = "<group>";
		};
		2A43E9912B84E4C700D94887 /* Model */ = {
			isa = PBXGroup;
			children = (
				2A43E9992B84F94800D94887 /* WeatherData.swift */,
			);
			path = Model;
			sourceTree = "<group>";
		};
		2A43E9922B84E4D200D94887 /* View */ = {
			isa = PBXGroup;
			children = (
				2A43E9952B84E98000D94887 /* WeatherDetailVC.swift */,
			);
			path = View;
			sourceTree = "<group>";
		};
		2A43E9932B84E4D800D94887 /* ViewModel */ = {
			isa = PBXGroup;
			children = (
				2A43E99F2B850C7900D94887 /* WeatherDetaiViewModel.swift */,
			);
			path = ViewModel;
			sourceTree = "<group>";
		};
		2A43E9942B84E4ED00D94887 /* Constant */ = {
			isa = PBXGroup;
			children = (
				2A43E99B2B84FA2C00D94887 /* Constant.swift */,
			);
			path = Constant;
			sourceTree = "<group>";
		};
		2A43E9972B84EFBB00D94887 /* Helper */ = {
			isa = PBXGroup;
			children = (
				2A43E99D2B84FF3500D94887 /* APIManager.swift */,
			);
			path = Helper;
			sourceTree = "<group>";
		};
		2A43E9982B84EFC500D94887 /* WeatherDetail */ = {
			isa = PBXGroup;
			children = (
				2A43E9932B84E4D800D94887 /* ViewModel */,
				2A43E9922B84E4D200D94887 /* View */,
				2A43E9912B84E4C700D94887 /* Model */,
			);
			path = WeatherDetail;
			sourceTree = "<group>";
		};
		2A6B08482B87A62200FE18F8 /* Mock */ = {
			isa = PBXGroup;
			children = (
				2A6B08492B87A64100FE18F8 /* MockAPIManager.swift */,
			);
			path = Mock;
			sourceTree = "<group>";
		};
		2A7D54422B85EE6C001DA327 /* Extension */ = {
			isa = PBXGroup;
			children = (
				2A7D54432B85EE86001DA327 /* GlobalExtension.swift */,
			);
			path = Extension;
			sourceTree = "<group>";
		};
		2A7D54452B85FD6E001DA327 /* WeatherForecast */ = {
			isa = PBXGroup;
			children = (
				2A7D54482B85FD97001DA327 /* ViewModel */,
				2A7D54472B85FD8C001DA327 /* View */,
				2A7D54462B85FD80001DA327 /* Model */,
			);
			path = WeatherForecast;
			sourceTree = "<group>";
		};
		2A7D54462B85FD80001DA327 /* Model */ = {
			isa = PBXGroup;
			children = (
				2A7D544C2B861B5A001DA327 /* WeatherDataList.swift */,
			);
			path = Model;
			sourceTree = "<group>";
		};
		2A7D54472B85FD8C001DA327 /* View */ = {
			isa = PBXGroup;
			children = (
				2A7D544E2B8630ED001DA327 /* WeatherForecastVC.swift */,
			);
			path = View;
			sourceTree = "<group>";
		};
		2A7D54482B85FD97001DA327 /* ViewModel */ = {
			isa = PBXGroup;
			children = (
				2A6B08462B871E8700FE18F8 /* WeatherForcastViewModel.swift */,
			);
			path = ViewModel;
			sourceTree = "<group>";
		};
/* End PBXGroup section */

/* Begin PBXNativeTarget section */
		2A43E9582B84E41300D94887 /* WhetherReport */ = {
			isa = PBXNativeTarget;
			buildConfigurationList = 2A43E9832B84E41E00D94887 /* Build configuration list for PBXNativeTarget "WhetherReport" */;
			buildPhases = (
				2A43E9552B84E41300D94887 /* Sources */,
				2A43E9562B84E41300D94887 /* Frameworks */,
				2A43E9572B84E41300D94887 /* Resources */,
			);
			buildRules = (
			);
			dependencies = (
			);
			name = WhetherReport;
			productName = WhetherReport;
			productReference = 2A43E9592B84E41300D94887 /* WhetherReport.app */;
			productType = "com.apple.product-type.application";
		};
		2A43E96E2B84E41E00D94887 /* WhetherReportTests */ = {
			isa = PBXNativeTarget;
			buildConfigurationList = 2A43E9862B84E41E00D94887 /* Build configuration list for PBXNativeTarget "WhetherReportTests" */;
			buildPhases = (
				2A43E96B2B84E41E00D94887 /* Sources */,
				2A43E96C2B84E41E00D94887 /* Frameworks */,
				2A43E96D2B84E41E00D94887 /* Resources */,
			);
			buildRules = (
			);
			dependencies = (
				2A43E9712B84E41E00D94887 /* PBXTargetDependency */,
			);
			name = WhetherReportTests;
			productName = WhetherReportTests;
			productReference = 2A43E96F2B84E41E00D94887 /* WhetherReportTests.xctest */;
			productType = "com.apple.product-type.bundle.unit-test";
		};
		2A43E9782B84E41E00D94887 /* WhetherReportUITests */ = {
			isa = PBXNativeTarget;
			buildConfigurationList = 2A43E9892B84E41E00D94887 /* Build configuration list for PBXNativeTarget "WhetherReportUITests" */;
			buildPhases = (
				2A43E9752B84E41E00D94887 /* Sources */,
				2A43E9762B84E41E00D94887 /* Frameworks */,
				2A43E9772B84E41E00D94887 /* Resources */,
			);
			buildRules = (
			);
			dependencies = (
				2A43E97B2B84E41E00D94887 /* PBXTargetDependency */,
			);
			name = WhetherReportUITests;
			productName = WhetherReportUITests;
			productReference = 2A43E9792B84E41E00D94887 /* WhetherReportUITests.xctest */;
			productType = "com.apple.product-type.bundle.ui-testing";
		};
/* End PBXNativeTarget section */

/* Begin PBXProject section */
		2A43E9512B84E41300D94887 /* Project object */ = {
			isa = PBXProject;
			attributes = {
				BuildIndependentTargetsInParallel = 1;
				LastSwiftUpdateCheck = 1420;
				LastUpgradeCheck = 1420;
				TargetAttributes = {
					2A43E9582B84E41300D94887 = {
						CreatedOnToolsVersion = 14.2;
					};
					2A43E96E2B84E41E00D94887 = {
						CreatedOnToolsVersion = 14.2;
						TestTargetID = 2A43E9582B84E41300D94887;
					};
					2A43E9782B84E41E00D94887 = {
						CreatedOnToolsVersion = 14.2;
						TestTargetID = 2A43E9582B84E41300D94887;
					};
				};
			};
			buildConfigurationList = 2A43E9542B84E41300D94887 /* Build configuration list for PBXProject "WhetherReport" */;
			compatibilityVersion = "Xcode 14.0";
			developmentRegion = en;
			hasScannedForEncodings = 0;
			knownRegions = (
				en,
				Base,
			);
			mainGroup = 2A43E9502B84E41300D94887;
			productRefGroup = 2A43E95A2B84E41300D94887 /* Products */;
			projectDirPath = "";
			projectRoot = "";
			targets = (
				2A43E9582B84E41300D94887 /* WhetherReport */,
				2A43E96E2B84E41E00D94887 /* WhetherReportTests */,
				2A43E9782B84E41E00D94887 /* WhetherReportUITests */,
			);
		};
/* End PBXProject section */

/* Begin PBXResourcesBuildPhase section */
		2A43E9572B84E41300D94887 /* Resources */ = {
			isa = PBXResourcesBuildPhase;
			buildActionMask = 2147483647;
			files = (
				2A43E9692B84E41E00D94887 /* LaunchScreen.storyboard in Resources */,
				2A43E9662B84E41E00D94887 /* Assets.xcassets in Resources */,
				2A43E9642B84E41300D94887 /* Main.storyboard in Resources */,
			);
			runOnlyForDeploymentPostprocessing = 0;
		};
		2A43E96D2B84E41E00D94887 /* Resources */ = {
			isa = PBXResourcesBuildPhase;
			buildActionMask = 2147483647;
			files = (
			);
			runOnlyForDeploymentPostprocessing = 0;
		};
		2A43E9772B84E41E00D94887 /* Resources */ = {
			isa = PBXResourcesBuildPhase;
			buildActionMask = 2147483647;
			files = (
			);
			runOnlyForDeploymentPostprocessing = 0;
		};
/* End PBXResourcesBuildPhase section */

/* Begin PBXSourcesBuildPhase section */
		2A43E9552B84E41300D94887 /* Sources */ = {
			isa = PBXSourcesBuildPhase;
			buildActionMask = 2147483647;
			files = (
				2A43E9612B84E41300D94887 /* ViewController.swift in Sources */,
				2A7D544F2B8630ED001DA327 /* WeatherForecastVC.swift in Sources */,
				2A6B08472B871E8700FE18F8 /* WeatherForcastViewModel.swift in Sources */,
				2A43E99A2B84F94800D94887 /* WeatherData.swift in Sources */,
				2A43E9962B84E98000D94887 /* WeatherDetailVC.swift in Sources */,
				2A7D54442B85EE86001DA327 /* GlobalExtension.swift in Sources */,
				2A43E95D2B84E41300D94887 /* AppDelegate.swift in Sources */,
				2A43E95F2B84E41300D94887 /* SceneDelegate.swift in Sources */,
				2A43E99C2B84FA2C00D94887 /* Constant.swift in Sources */,
				2A7D544D2B861B5A001DA327 /* WeatherDataList.swift in Sources */,
				2A43E9A02B850C7900D94887 /* WeatherDetaiViewModel.swift in Sources */,
				2A43E99E2B84FF3500D94887 /* APIManager.swift in Sources */,
			);
			runOnlyForDeploymentPostprocessing = 0;
		};
		2A43E96B2B84E41E00D94887 /* Sources */ = {
			isa = PBXSourcesBuildPhase;
			buildActionMask = 2147483647;
			files = (
				2A6B084A2B87A64100FE18F8 /* MockAPIManager.swift in Sources */,
				2A43E9742B84E41E00D94887 /* WhetherReportTests.swift in Sources */,
			);
			runOnlyForDeploymentPostprocessing = 0;
		};
		2A43E9752B84E41E00D94887 /* Sources */ = {
			isa = PBXSourcesBuildPhase;
			buildActionMask = 2147483647;
			files = (
				2A43E9802B84E41E00D94887 /* WhetherReportUITestsLaunchTests.swift in Sources */,
				2A43E97E2B84E41E00D94887 /* WhetherReportUITests.swift in Sources */,
			);
			runOnlyForDeploymentPostprocessing = 0;
		};
/* End PBXSourcesBuildPhase section */

/* Begin PBXTargetDependency section */
		2A43E9712B84E41E00D94887 /* PBXTargetDependency */ = {
			isa = PBXTargetDependency;
			target = 2A43E9582B84E41300D94887 /* WhetherReport */;
			targetProxy = 2A43E9702B84E41E00D94887 /* PBXContainerItemProxy */;
		};
		2A43E97B2B84E41E00D94887 /* PBXTargetDependency */ = {
			isa = PBXTargetDependency;
			target = 2A43E9582B84E41300D94887 /* WhetherReport */;
			targetProxy = 2A43E97A2B84E41E00D94887 /* PBXContainerItemProxy */;
		};
/* End PBXTargetDependency section */

/* Begin PBXVariantGroup section */
		2A43E9622B84E41300D94887 /* Main.storyboard */ = {
			isa = PBXVariantGroup;
			children = (
				2A43E9632B84E41300D94887 /* Base */,
			);
			name = Main.storyboard;
			sourceTree = "<group>";
		};
		2A43E9672B84E41E00D94887 /* LaunchScreen.storyboard */ = {
			isa = PBXVariantGroup;
			children = (
				2A43E9682B84E41E00D94887 /* Base */,
			);
			name = LaunchScreen.storyboard;
			sourceTree = "<group>";
		};
/* End PBXVariantGroup section */

/* Begin XCBuildConfiguration section */
		2A43E9812B84E41E00D94887 /* Debug */ = {
			isa = XCBuildConfiguration;
			buildSettings = {
				ALWAYS_SEARCH_USER_PATHS = NO;
				CLANG_ANALYZER_NONNULL = YES;
				CLANG_ANALYZER_NUMBER_OBJECT_CONVERSION = YES_AGGRESSIVE;
				CLANG_CXX_LANGUAGE_STANDARD = "gnu++20";
				CLANG_ENABLE_MODULES = YES;
				CLANG_ENABLE_OBJC_ARC = YES;
				CLANG_ENABLE_OBJC_WEAK = YES;
				CLANG_WARN_BLOCK_CAPTURE_AUTORELEASING = YES;
				CLANG_WARN_BOOL_CONVERSION = YES;
				CLANG_WARN_COMMA = YES;
				CLANG_WARN_CONSTANT_CONVERSION = YES;
				CLANG_WARN_DEPRECATED_OBJC_IMPLEMENTATIONS = YES;
				CLANG_WARN_DIRECT_OBJC_ISA_USAGE = YES_ERROR;
				CLANG_WARN_DOCUMENTATION_COMMENTS = YES;
				CLANG_WARN_EMPTY_BODY = YES;
				CLANG_WARN_ENUM_CONVERSION = YES;
				CLANG_WARN_INFINITE_RECURSION = YES;
				CLANG_WARN_INT_CONVERSION = YES;
				CLANG_WARN_NON_LITERAL_NULL_CONVERSION = YES;
				CLANG_WARN_OBJC_IMPLICIT_RETAIN_SELF = YES;
				CLANG_WARN_OBJC_LITERAL_CONVERSION = YES;
				CLANG_WARN_OBJC_ROOT_CLASS = YES_ERROR;
				CLANG_WARN_QUOTED_INCLUDE_IN_FRAMEWORK_HEADER = YES;
				CLANG_WARN_RANGE_LOOP_ANALYSIS = YES;
				CLANG_WARN_STRICT_PROTOTYPES = YES;
				CLANG_WARN_SUSPICIOUS_MOVE = YES;
				CLANG_WARN_UNGUARDED_AVAILABILITY = YES_AGGRESSIVE;
				CLANG_WARN_UNREACHABLE_CODE = YES;
				CLANG_WARN__DUPLICATE_METHOD_MATCH = YES;
				COPY_PHASE_STRIP = NO;
				DEBUG_INFORMATION_FORMAT = dwarf;
				ENABLE_STRICT_OBJC_MSGSEND = YES;
				ENABLE_TESTABILITY = YES;
				GCC_C_LANGUAGE_STANDARD = gnu11;
				GCC_DYNAMIC_NO_PIC = NO;
				GCC_NO_COMMON_BLOCKS = YES;
				GCC_OPTIMIZATION_LEVEL = 0;
				GCC_PREPROCESSOR_DEFINITIONS = (
					"DEBUG=1",
					"$(inherited)",
				);
				GCC_WARN_64_TO_32_BIT_CONVERSION = YES;
				GCC_WARN_ABOUT_RETURN_TYPE = YES_ERROR;
				GCC_WARN_UNDECLARED_SELECTOR = YES;
				GCC_WARN_UNINITIALIZED_AUTOS = YES_AGGRESSIVE;
				GCC_WARN_UNUSED_FUNCTION = YES;
				GCC_WARN_UNUSED_VARIABLE = YES;
				IPHONEOS_DEPLOYMENT_TARGET = 16.2;
				MTL_ENABLE_DEBUG_INFO = INCLUDE_SOURCE;
				MTL_FAST_MATH = YES;
				ONLY_ACTIVE_ARCH = YES;
				SDKROOT = iphoneos;
				SWIFT_ACTIVE_COMPILATION_CONDITIONS = DEBUG;
				SWIFT_OPTIMIZATION_LEVEL = "-Onone";
			};
			name = Debug;
		};
		2A43E9822B84E41E00D94887 /* Release */ = {
			isa = XCBuildConfiguration;
			buildSettings = {
				ALWAYS_SEARCH_USER_PATHS = NO;
				CLANG_ANALYZER_NONNULL = YES;
				CLANG_ANALYZER_NUMBER_OBJECT_CONVERSION = YES_AGGRESSIVE;
				CLANG_CXX_LANGUAGE_STANDARD = "gnu++20";
				CLANG_ENABLE_MODULES = YES;
				CLANG_ENABLE_OBJC_ARC = YES;
				CLANG_ENABLE_OBJC_WEAK = YES;
				CLANG_WARN_BLOCK_CAPTURE_AUTORELEASING = YES;
				CLANG_WARN_BOOL_CONVERSION = YES;
				CLANG_WARN_COMMA = YES;
				CLANG_WARN_CONSTANT_CONVERSION = YES;
				CLANG_WARN_DEPRECATED_OBJC_IMPLEMENTATIONS = YES;
				CLANG_WARN_DIRECT_OBJC_ISA_USAGE = YES_ERROR;
				CLANG_WARN_DOCUMENTATION_COMMENTS = YES;
				CLANG_WARN_EMPTY_BODY = YES;
				CLANG_WARN_ENUM_CONVERSION = YES;
				CLANG_WARN_INFINITE_RECURSION = YES;
				CLANG_WARN_INT_CONVERSION = YES;
				CLANG_WARN_NON_LITERAL_NULL_CONVERSION = YES;
				CLANG_WARN_OBJC_IMPLICIT_RETAIN_SELF = YES;
				CLANG_WARN_OBJC_LITERAL_CONVERSION = YES;
				CLANG_WARN_OBJC_ROOT_CLASS = YES_ERROR;
				CLANG_WARN_QUOTED_INCLUDE_IN_FRAMEWORK_HEADER = YES;
				CLANG_WARN_RANGE_LOOP_ANALYSIS = YES;
				CLANG_WARN_STRICT_PROTOTYPES = YES;
				CLANG_WARN_SUSPICIOUS_MOVE = YES;
				CLANG_WARN_UNGUARDED_AVAILABILITY = YES_AGGRESSIVE;
				CLANG_WARN_UNREACHABLE_CODE = YES;
				CLANG_WARN__DUPLICATE_METHOD_MATCH = YES;
				COPY_PHASE_STRIP = NO;
				DEBUG_INFORMATION_FORMAT = "dwarf-with-dsym";
				ENABLE_NS_ASSERTIONS = NO;
				ENABLE_STRICT_OBJC_MSGSEND = YES;
				GCC_C_LANGUAGE_STANDARD = gnu11;
				GCC_NO_COMMON_BLOCKS = YES;
				GCC_WARN_64_TO_32_BIT_CONVERSION = YES;
				GCC_WARN_ABOUT_RETURN_TYPE = YES_ERROR;
				GCC_WARN_UNDECLARED_SELECTOR = YES;
				GCC_WARN_UNINITIALIZED_AUTOS = YES_AGGRESSIVE;
				GCC_WARN_UNUSED_FUNCTION = YES;
				GCC_WARN_UNUSED_VARIABLE = YES;
				IPHONEOS_DEPLOYMENT_TARGET = 16.2;
				MTL_ENABLE_DEBUG_INFO = NO;
				MTL_FAST_MATH = YES;
				SDKROOT = iphoneos;
				SWIFT_COMPILATION_MODE = wholemodule;
				SWIFT_OPTIMIZATION_LEVEL = "-O";
				VALIDATE_PRODUCT = YES;
			};
			name = Release;
		};
		2A43E9842B84E41E00D94887 /* Debug */ = {
			isa = XCBuildConfiguration;
			buildSettings = {
				ASSETCATALOG_COMPILER_APPICON_NAME = AppIcon;
				ASSETCATALOG_COMPILER_GLOBAL_ACCENT_COLOR_NAME = AccentColor;
				CODE_SIGN_STYLE = Automatic;
				CURRENT_PROJECT_VERSION = 1;
				GENERATE_INFOPLIST_FILE = YES;
				INFOPLIST_FILE = WhetherReport/Resources/Info.plist;
				INFOPLIST_KEY_UIApplicationSupportsIndirectInputEvents = YES;
				INFOPLIST_KEY_UILaunchStoryboardName = LaunchScreen;
				INFOPLIST_KEY_UIMainStoryboardFile = Main;
				INFOPLIST_KEY_UISupportedInterfaceOrientations = UIInterfaceOrientationPortrait;
				LD_RUNPATH_SEARCH_PATHS = (
					"$(inherited)",
					"@executable_path/Frameworks",
				);
				MARKETING_VERSION = 1.0;
				PRODUCT_BUNDLE_IDENTIFIER = com.WhetherReport;
				PRODUCT_NAME = "$(TARGET_NAME)";
				SWIFT_EMIT_LOC_STRINGS = YES;
				SWIFT_VERSION = 5.0;
				TARGETED_DEVICE_FAMILY = "1,2";
			};
			name = Debug;
		};
		2A43E9852B84E41E00D94887 /* Release */ = {
			isa = XCBuildConfiguration;
			buildSettings = {
				ASSETCATALOG_COMPILER_APPICON_NAME = AppIcon;
				ASSETCATALOG_COMPILER_GLOBAL_ACCENT_COLOR_NAME = AccentColor;
				CODE_SIGN_STYLE = Automatic;
				CURRENT_PROJECT_VERSION = 1;
				GENERATE_INFOPLIST_FILE = YES;
				INFOPLIST_FILE = WhetherReport/Resources/Info.plist;
				INFOPLIST_KEY_UIApplicationSupportsIndirectInputEvents = YES;
				INFOPLIST_KEY_UILaunchStoryboardName = LaunchScreen;
				INFOPLIST_KEY_UIMainStoryboardFile = Main;
				INFOPLIST_KEY_UISupportedInterfaceOrientations = UIInterfaceOrientationPortrait;
				LD_RUNPATH_SEARCH_PATHS = (
					"$(inherited)",
					"@executable_path/Frameworks",
				);
				MARKETING_VERSION = 1.0;
				PRODUCT_BUNDLE_IDENTIFIER = com.WhetherReport;
				PRODUCT_NAME = "$(TARGET_NAME)";
				SWIFT_EMIT_LOC_STRINGS = YES;
				SWIFT_VERSION = 5.0;
				TARGETED_DEVICE_FAMILY = "1,2";
			};
			name = Release;
		};
		2A43E9872B84E41E00D94887 /* Debug */ = {
			isa = XCBuildConfiguration;
			buildSettings = {
				ALWAYS_EMBED_SWIFT_STANDARD_LIBRARIES = YES;
				BUNDLE_LOADER = "$(TEST_HOST)";
				CODE_SIGN_STYLE = Automatic;
				CURRENT_PROJECT_VERSION = 1;
				GENERATE_INFOPLIST_FILE = YES;
				IPHONEOS_DEPLOYMENT_TARGET = 16.2;
				MARKETING_VERSION = 1.0;
				PRODUCT_BUNDLE_IDENTIFIER = com.WhetherReportTests;
				PRODUCT_NAME = "$(TARGET_NAME)";
				SWIFT_EMIT_LOC_STRINGS = NO;
				SWIFT_VERSION = 5.0;
				TARGETED_DEVICE_FAMILY = "1,2";
				TEST_HOST = "$(BUILT_PRODUCTS_DIR)/WhetherReport.app/$(BUNDLE_EXECUTABLE_FOLDER_PATH)/WhetherReport";
			};
			name = Debug;
		};
		2A43E9882B84E41E00D94887 /* Release */ = {
			isa = XCBuildConfiguration;
			buildSettings = {
				ALWAYS_EMBED_SWIFT_STANDARD_LIBRARIES = YES;
				BUNDLE_LOADER = "$(TEST_HOST)";
				CODE_SIGN_STYLE = Automatic;
				CURRENT_PROJECT_VERSION = 1;
				GENERATE_INFOPLIST_FILE = YES;
				IPHONEOS_DEPLOYMENT_TARGET = 16.2;
				MARKETING_VERSION = 1.0;
				PRODUCT_BUNDLE_IDENTIFIER = com.WhetherReportTests;
				PRODUCT_NAME = "$(TARGET_NAME)";
				SWIFT_EMIT_LOC_STRINGS = NO;
				SWIFT_VERSION = 5.0;
				TARGETED_DEVICE_FAMILY = "1,2";
				TEST_HOST = "$(BUILT_PRODUCTS_DIR)/WhetherReport.app/$(BUNDLE_EXECUTABLE_FOLDER_PATH)/WhetherReport";
			};
			name = Release;
		};
		2A43E98A2B84E41E00D94887 /* Debug */ = {
			isa = XCBuildConfiguration;
			buildSettings = {
				ALWAYS_EMBED_SWIFT_STANDARD_LIBRARIES = YES;
				CODE_SIGN_STYLE = Automatic;
				CURRENT_PROJECT_VERSION = 1;
				GENERATE_INFOPLIST_FILE = YES;
				MARKETING_VERSION = 1.0;
				PRODUCT_BUNDLE_IDENTIFIER = com.WhetherReportUITests;
				PRODUCT_NAME = "$(TARGET_NAME)";
				SWIFT_EMIT_LOC_STRINGS = NO;
				SWIFT_VERSION = 5.0;
				TARGETED_DEVICE_FAMILY = "1,2";
				TEST_TARGET_NAME = WhetherReport;
			};
			name = Debug;
		};
		2A43E98B2B84E41E00D94887 /* Release */ = {
			isa = XCBuildConfiguration;
			buildSettings = {
				ALWAYS_EMBED_SWIFT_STANDARD_LIBRARIES = YES;
				CODE_SIGN_STYLE = Automatic;
				CURRENT_PROJECT_VERSION = 1;
				GENERATE_INFOPLIST_FILE = YES;
				MARKETING_VERSION = 1.0;
				PRODUCT_BUNDLE_IDENTIFIER = com.WhetherReportUITests;
				PRODUCT_NAME = "$(TARGET_NAME)";
				SWIFT_EMIT_LOC_STRINGS = NO;
				SWIFT_VERSION = 5.0;
				TARGETED_DEVICE_FAMILY = "1,2";
				TEST_TARGET_NAME = WhetherReport;
			};
			name = Release;
		};
/* End XCBuildConfiguration section */

/* Begin XCConfigurationList section */
		2A43E9542B84E41300D94887 /* Build configuration list for PBXProject "WhetherReport" */ = {
			isa = XCConfigurationList;
			buildConfigurations = (
				2A43E9812B84E41E00D94887 /* Debug */,
				2A43E9822B84E41E00D94887 /* Release */,
			);
			defaultConfigurationIsVisible = 0;
			defaultConfigurationName = Release;
		};
		2A43E9832B84E41E00D94887 /* Build configuration list for PBXNativeTarget "WhetherReport" */ = {
			isa = XCConfigurationList;
			buildConfigurations = (
				2A43E9842B84E41E00D94887 /* Debug */,
				2A43E9852B84E41E00D94887 /* Release */,
			);
			defaultConfigurationIsVisible = 0;
			defaultConfigurationName = Release;
		};
		2A43E9862B84E41E00D94887 /* Build configuration list for PBXNativeTarget "WhetherReportTests" */ = {
			isa = XCConfigurationList;
			buildConfigurations = (
				2A43E9872B84E41E00D94887 /* Debug */,
				2A43E9882B84E41E00D94887 /* Release */,
			);
			defaultConfigurationIsVisible = 0;
			defaultConfigurationName = Release;
		};
		2A43E9892B84E41E00D94887 /* Build configuration list for PBXNativeTarget "WhetherReportUITests" */ = {
			isa = XCConfigurationList;
			buildConfigurations = (
				2A43E98A2B84E41E00D94887 /* Debug */,
				2A43E98B2B84E41E00D94887 /* Release */,
			);
			defaultConfigurationIsVisible = 0;
			defaultConfigurationName = Release;
		};
/* End XCConfigurationList section */
	};
	rootObject = 2A43E9512B84E41300D94887 /* Project object */;
}
